version = 1
revision = 3
requires-python = "==3.12.3"

[[package]]
name = "cython"
version = "3.0.9"
source = { registry = "https://pypi.org/simple" }
sdist = { url = "https://files.pythonhosted.org/packages/0e/17/c5b026cea7a634ee3b8950a7be16aaa49deeb3b9824ba5e81c13ac26f3c4/Cython-3.0.9.tar.gz", hash = "sha256:a2d354f059d1f055d34cfaa62c5b68bc78ac2ceab6407148d47fb508cf3ba4f3", size = 2748462, upload-time = "2024-03-05T19:34:50.144Z" }
wheels = [
    { url = "https://files.pythonhosted.org/packages/be/67/6a1316e4b3201b44d245873f62395bd8ea7d181c4b6b2d43fe7da486bf61/Cython-3.0.9-cp312-cp312-macosx_10_9_x86_64.whl", hash = "sha256:157973807c2796addbed5fbc4d9c882ab34bbc60dc297ca729504901479d5df7", size = 3142273, upload-time = "2024-03-05T19:41:42.311Z" },
    { url = "https://files.pythonhosted.org/packages/40/e2/e664dea62ce17410519ab7a270f8244a8544e0b2a2c11336229f63fa3cb8/Cython-3.0.9-cp312-cp312-manylinux_2_17_aarch64.manylinux2014_aarch64.whl", hash = "sha256:00b105b5d050645dd59e6767bc0f18b48a4aa11c85f42ec7dd8181606f4059e3", size = 3343722, upload-time = "2024-03-05T19:41:45.913Z" },
    { url = "https://files.pythonhosted.org/packages/6c/72/1b427f76e14e486760ac57639faf4389f451e2499c3d7cc14acf5ffdd363/Cython-3.0.9-cp312-cp312-manylinux_2_17_x86_64.manylinux2014_x86_64.whl", hash = "sha256:ac5536d09bef240cae0416d5a703d298b74c7bbc397da803ac9d344e732d4369", size = 3514630, upload-time = "2024-03-05T19:41:49.722Z" },
    { url = "https://files.pythonhosted.org/packages/3e/5e/1ce28e8d1316cadd3939ab2fb3764cd4d16b6a4844c4648e7cf7e31347e4/Cython-3.0.9-cp312-cp312-manylinux_2_5_i686.manylinux1_i686.manylinux_2_17_i686.manylinux2014_i686.whl", hash = "sha256:09c44501d476d16aaa4cbc29c87f8c0f54fc20e69b650d59cbfa4863426fc70c", size = 3577811, upload-time = "2024-03-05T19:41:53.18Z" },
    { url = "https://files.pythonhosted.org/packages/ec/e6/1b062f6de5c1aed2c4874e0641f0553072d47a41c1d31e211759fed51446/Cython-3.0.9-cp312-cp312-musllinux_1_1_aarch64.whl", hash = "sha256:cc9c3b9f20d8e298618e5ccd32083ca386e785b08f9893fbec4c50b6b85be772", size = 3359693, upload-time = "2024-03-05T19:41:56.848Z" },
    { url = "https://files.pythonhosted.org/packages/ba/ca/0b7cc2ee2980a21ac3160b8c8e2a4d2395902a04f85dc9da7e29e0e8d637/Cython-3.0.9-cp312-cp312-musllinux_1_1_x86_64.whl", hash = "sha256:a30d96938c633e3ec37000ac3796525da71254ef109e66bdfd78f29891af6454", size = 3526514, upload-time = "2024-03-05T19:42:00.423Z" },
    { url = "https://files.pythonhosted.org/packages/96/a9/47fdb1b8ea66ff7737908b927bafc714536f15834e0a843876ec75334060/Cython-3.0.9-cp312-cp312-win32.whl", hash = "sha256:757ca93bdd80702546df4d610d2494ef2e74249cac4d5ba9464589fb464bd8a3", size = 2606222, upload-time = "2024-03-05T19:42:03.831Z" },
    { url = "https://files.pythonhosted.org/packages/d5/14/f5958c24126b46b151041fda498ef06e0ec527b5cec21fe4b6e9296e547d/Cython-3.0.9-cp312-cp312-win_amd64.whl", hash = "sha256:1dc320a9905ab95414013f6de805efbff9e17bb5fb3b90bbac533f017bec8136", size = 2794275, upload-time = "2024-03-05T19:42:06.493Z" },
    { url = "https://files.pythonhosted.org/packages/fc/84/5748f255f1689c95cf8dd0f2789480f7261ec0c82880a6a1f4daead6894d/Cython-3.0.9-py2.py3-none-any.whl", hash = "sha256:bf96417714353c5454c2e3238fca9338599330cf51625cdc1ca698684465646f", size = 1169396, upload-time = "2024-03-05T19:34:43.493Z" },
]

[[package]]
name = "numpy"
version = "2.5.2"
source = { registry = "https://pypi.org/simple" }
sdist = { url = "https://files.pythonhosted.org/packages/9a/80/db0b4559e57ec36362bedbb05530a87fafbcb6067708c946967a41d449e7/numpy-2.5.2.tar.gz", hash = "sha256:d482d171c406ae88c5b19cad3b6a1c4c5209f886ab74bc44c2c865c23f52d860", size = 20773161, upload-time = "2026-08-09T13:48:27.962Z" }
wheels = [
    { url = "https://files.pythonhosted.org/packages/69/72/dccb0aaf40972777283303919f613964227266d0c13adebb79ac124f1c3e/numpy-2.5.2-cp312-cp312-macosx_10_13_x86_64.whl", hash = "sha256:14e373cfc6387177e8409dac3c7159be8eb05cd77096cd7c950268b86f62831c", size = 16891693, upload-time = "2026-08-09T13:44:51.702Z" },
    { url = "https://files.pythonhosted.org/packages/60/2e/b5aee50a1f74ac815cf8331812cb8251e29024025de462e0c047641c614c/numpy-2.5.2-cp312-cp312-macosx_11_0_arm64.whl", hash = "sha256:4bbd96c833ecc8cc069ce518078fc8c60cb9cbfb0fea5b7a803ad65035596d03", size = 11903109, upload-time = "2026-08-09T13:44:55.501Z" },
    { url = "https://files.pythonhosted.org/packages/f3/f4/29e78102a80601cf034d4e9767022cffeca2c3b4c926e1754572ca95593d/numpy-2.5.2-cp312-cp312-macosx_14_0_arm64.whl", hash = "sha256:6e8172ddfcf5cf74b811d372b570b83c60bd2de87a6fbfbebdadb4a9bd9c6cbb", size = 5350202, upload-time = "2026-08-09T13:44:58.401Z" },
    { url = "https://files.pythonhosted.org/packages/11/4b/dcd3b7eadaf4035d2c7a4289d232523a6964f602598ef7674e4bd7291f93/numpy-2.5.2-cp312-cp312-macosx_14_0_x86_64.whl", hash = "sha256:65f188481f1669e26f62b701e8205d19e460fa4a9b52a1414ba382330e4a3414", size = 6687736, upload-time = "2026-08-09T13:45:00.813Z" },
    { url = "https://files.pythonhosted.org/packages/e5/21/4947e0e9d6c9fc2e2ff15b8949049ee44f63adb9cacc729ab8793f97e712/numpy-2.5.2-cp312-cp312-manylinux_2_27_aarch64.manylinux_2_28_aarch64.whl", hash = "sha256:8ee9c4eeb8454b3660a8b53493563c3e121c2fc94fbd72b848ef814ed7b676a9", size = 15612696, upload-time = "2026-08-09T13:45:04.151Z" },
    { url = "https://files.pythonhosted.org/packages/3a/5f/62d28cf019460c7f1394105b4d49d9911a9c444cb77ab0bd95a204c5a6de/numpy-2.5.2-cp312-cp312-manylinux_2_27_x86_64.manylinux_2_28_x86_64.whl", hash = "sha256:3cdec01fa790a186d430433fdd4d4ffb70eed6f0eeb4bf05c8dbe2dce0a9bcb8", size = 16722264, upload-time = "2026-08-09T13:45:07.714Z" },
    { url = "https://files.pythonhosted.org/packages/14/25/3f0be4c1b9fdf5dd5e708a6806978564d7c46a055c000496309ff2a2f8af/numpy-2.5.2-cp312-cp312-musllinux_1_2_aarch64.whl", hash = "sha256:7999d4ddb0c4025018373fd787510d46e04c769467af22869707b3c1cfd459ab", size = 16974396, upload-time = "2026-08-09T13:45:11.316Z" },
    { url = "https://files.pythonhosted.org/packages/22/72/6262cbdeeb45da9d971e40715f579d791603ba8ec0b5e2db1ac55454421d/numpy-2.5.2-cp312-cp312-musllinux_1_2_x86_64.whl", hash = "sha256:c1f017dc0875c9209d219f97feceb7d54c2661bb243deb4114478e1295808af7", size = 18476044, upload-time = "2026-08-09T13:45:14.869Z" },
    { url = "https://files.pythonhosted.org/packages/36/33/29208b8b075bde62d26a81d14b358c42b0f69b6cabd98d4ff97f37f22b05/numpy-2.5.2-cp312-cp312-win32.whl", hash = "sha256:d6a48072864e3324e194a8fbb3c657bcc5b5c869dbc64c9537b1d5c862572c0a", size = 6072817, upload-time = "2026-08-09T13:45:17.867Z" },
    { url = "https://files.pythonhosted.org/packages/7f/b9/87fea2769fe1c47c1b5b01d8310772c9d1a85d485de7cf386ef7a3332b02/numpy-2.5.2-cp312-cp312-win_amd64.whl", hash = "sha256:28ac63476ec7651484215ee7fa15a1f78b57c14621f01e392afe17b9a1390ce4", size = 12464674, upload-time = "2026-08-09T13:45:20.734Z" },
    { url = "https://files.pythonhosted.org/packages/14/52/032b97e00461ab0809bbe4c588b035620e5a14b8cdee47ecddefc7b17d33/numpy-2.5.2-cp312-cp312-win_arm64.whl", hash = "sha256:27650bb0e7140fa3d37b9923b4803645e0b125d190f326eecfd3f4dad8e8ade1", size = 10397131, upload-time = "2026-08-09T13:45:23.73Z" },
]

[[package]]
name = "packaging"
version = "26.3"
source = { registry = "https://pypi.org/simple" }
sdist = { url = "https://files.pythonhosted.org/packages/7d/fa/3944b40b07da9ce895c0e6303a5ab7d53da063554f534556b134a54d6093/packaging-26.3.tar.gz", hash = "sha256:94edc256424af38762eb31306eed28beb9f0efc50a8837492c9d6fd6004aed79", size = 313412, upload-time = "2026-08-04T18:15:28.737Z" }
wheels = [
    { url = "https://files.pythonhosted.org/packages/63/34/ba1c580383c9eada3711951fef0795c80b829a078d72188184bcab9dd527/packaging-26.3-py3-none-any.whl", hash = "sha256:d7193f7c8e4e93f444fde0262bf90af30e16fa0ad0ad44cb553c87339b23cd1c", size = 129956, upload-time = "2026-08-04T18:15:27.159Z" },
]

[[package]]
name = "poketcg-oracle"
version = "0.1.0"
source = { virtual = "." }
dependencies = [
    { name = "cython" },
    { name = "numpy" },
    { name = "pyboy" },
    { name = "setuptools" },
    { name = "wheel" },
]

[package.metadata]
requires-dist = [
    { name = "cython", specifier = "==3.0.9" },
    { name = "numpy" },
    { name = "pyboy", specifier = "==2.7.0" },
    { name = "setuptools" },
    { name = "wheel" },
]

[[package]]
name = "pyboy"
version = "2.7.0"
source = { registry = "https://pypi.org/simple" }
dependencies = [
    { name = "numpy" },
    { name = "pysdl2" },
    { name = "pysdl2-dll" },
]
sdist = { url = "https://files.pythonhosted.org/packages/7b/90/60ab95f484d1d792488ea30852b0820c0527b0f79fa555c57f214028c7b7/pyboy-2.7.0.tar.gz", hash = "sha256:b97db94c366f5e54af04f94641c6107454821543015716b7182df29684ad9180", size = 171904, upload-time = "2026-01-24T08:41:13.996Z" }
wheels = [
    { url = "https://files.pythonhosted.org/packages/05/af/c84b122a051b51d5fa76bffcf30b4585fa3c8efbaedb070c609382d2f4e9/pyboy-2.7.0-cp312-cp312-macosx_10_13_universal2.whl", hash = "sha256:11be1062563c565d53c63485bf9c37080a809cea9faf78330e73dbd452b72d63", size = 11168865, upload-time = "2026-01-24T08:57:32.72Z" },
    { url = "https://files.pythonhosted.org/packages/95/99/9b93efaf52eee3db84a09916d9f42a660630ece8c0f5698caebc4eb9388a/pyboy-2.7.0-cp312-cp312-manylinux2014_aarch64.manylinux_2_17_aarch64.manylinux_2_28_aarch64.whl", hash = "sha256:8eb63ee10e4c2028b1ca54aa893c6020a0f09282cb34bf8dae90be23693da2e4", size = 5498331, upload-time = "2026-01-24T08:56:38.49Z" },
    { url = "https://files.pythonhosted.org/packages/5c/d9/16a6c353b37b573e1c11c1eef0de69fef74bde74f3229afb3111521444af/pyboy-2.7.0-cp312-cp312-manylinux2014_x86_64.manylinux_2_17_x86_64.manylinux_2_28_x86_64.whl", hash = "sha256:b5858a6bbcec32bb47a3e673a5cfefc1b0839cf9e27bbaed7c996656ff73c40f", size = 5944465, upload-time = "2026-01-24T09:00:25.994Z" },
    { url = "https://files.pythonhosted.org/packages/23/20/017b1b37316daf76eb56aebc28ef18016a49f8efbb2830e25afe60cc479e/pyboy-2.7.0-cp312-cp312-musllinux_1_2_aarch64.whl", hash = "sha256:1ec35bbe7516b388427b27d47daae4476357b41016292c58506523c43ce8f92f", size = 5507449, upload-time = "2026-01-24T08:46:22.514Z" },
    { url = "https://files.pythonhosted.org/packages/50/38/ef59b6a35349610e55ce84e887d7d9dccce08aeed13215351095d8559d89/pyboy-2.7.0-cp312-cp312-musllinux_1_2_x86_64.whl", hash = "sha256:3193781f0d2fcb2237171c5f90ee22a3dd9a19926626edb8b7f78509b2634357", size = 5974144, upload-time = "2026-01-24T08:43:29.654Z" },
    { url = "https://files.pythonhosted.org/packages/13/27/5b4de060073b228665254ccee3a6132404ddd3b6679efddcd83292c3ecdb/pyboy-2.7.0-cp312-cp312-win_amd64.whl", hash = "sha256:dfdc0c07a60abe42728f14cf7b0ce3274397fd360568fb9ece01cb7e605b8660", size = 4428190, upload-time = "2026-01-24T08:49:08.317Z" },
]

[[package]]
name = "pysdl2"
version = "0.9.17"
source = { registry = "https://pypi.org/simple" }
sdist = { url = "https://files.pythonhosted.org/packages/d7/ff/8704d84ad4d25f0a7bf7912504f64575e432e8d57dfba2fe35f5b2db7e04/pysdl2-0.9.17.tar.gz", hash = "sha256:48c6ef01a4eb123db5f7e46e1a1b565675755b07e615f3fe20a623c94735b52b", size = 775955, upload-time = "2024-12-30T18:07:27.562Z" }
wheels = [
    { url = "https://files.pythonhosted.org/packages/5d/e2/399ea7900e7510096aeb41439e6f1540bef0bdf7e15cc2d8464e4adb71e8/PySDL2-0.9.17-py3-none-any.whl", hash = "sha256:fe923dbf5c7b27bbc1eb2bf58abfa793f8f13fd7ae8b27b1bc2de49920bcbd41", size = 583137, upload-time = "2024-12-30T18:07:25.987Z" },
]

[[package]]
name = "pysdl2-dll"
version = "2.32.10"
source = { registry = "https://pypi.org/simple" }
sdist = { url = "https://files.pythonhosted.org/packages/28/5b/bd6fb7cce36ec24cacea8f7d8264db819a3a9de89402653690d70a8da659/pysdl2_dll-2.32.10.tar.gz", hash = "sha256:ad83e0e1a0227633495d6b3ec6701ac5a2beac44e6692f52278033bda1313717", size = 16235, upload-time = "2026-05-26T18:07:45.48Z" }
wheels = [
    { url = "https://files.pythonhosted.org/packages/0e/43/4abf8109b7c68cb73bd0f09bfd429bfbfe9767fdab952098ec4f8fb4418a/pysdl2_dll-2.32.10-py2.py3-none-macosx_10_11_x86_64.whl", hash = "sha256:cab126a82c2bd2cd79b6cb8da906916884789c9f4f1ae4cf861f26438ce651a4", size = 6629721, upload-time = "2026-05-26T18:13:12.263Z" },
    { url = "https://files.pythonhosted.org/packages/5e/cb/356315a7a30dff1d6b155d70c5293043fa683c52aae2eda236bab163081f/pysdl2_dll-2.32.10-py2.py3-none-macosx_11_0_universal2.whl", hash = "sha256:5ccbd89cd2a032f4ac890606dfe5c33874c0e5e909b2e667438ad7d7fc7fcc5d", size = 6629724, upload-time = "2026-05-26T18:13:13.75Z" },
    { url = "https://files.pythonhosted.org/packages/c8/3a/0686cdb266f7051e8ed3cfbb38f7e325155beb19bfb9821056debf6dfecb/pysdl2_dll-2.32.10-py2.py3-none-manylinux2014_i686.whl", hash = "sha256:4fad629105d0f138d084a37dcaf33aa47343ba771d1971c27f5cf68ef5428798", size = 4570812, upload-time = "2026-05-26T18:14:40.115Z" },
    { url = "https://files.pythonhosted.org/packages/5d/6e/07ec92ba241b2aa941abf478e96c1474f2c5975b61d84303fbcb2ba1dcc9/pysdl2_dll-2.32.10-py2.py3-none-manylinux2014_x86_64.whl", hash = "sha256:12b136c38114ae0f8a85453a879795ba5d61663d98673ba19c36c3008ff00353", size = 4272860, upload-time = "2026-05-26T18:14:35.407Z" },
    { url = "https://files.pythonhosted.org/packages/65/fc/8e35a36010e9dce25247991762ba3fc058c2626d323848c5e293447dcb35/pysdl2_dll-2.32.10-py2.py3-none-manylinux_2_28_aarch64.whl", hash = "sha256:248b1c6c6ba1f43e964f2f9bc723ee4ce39892aca840aee6de25da90c46f685d", size = 4478001, upload-time = "2026-05-26T22:32:00.976Z" },
    { url = "https://files.pythonhosted.org/packages/2b/1c/91fb667c3968b420de5dd76e840259b44b876b6fc84c5889151633fcc06e/pysdl2_dll-2.32.10-py2.py3-none-manylinux_2_28_x86_64.whl", hash = "sha256:1e6139e3ce832d95d8376b77f4c9288bef34d6b131f844f2a5fcc8873ce8e6da", size = 5218513, upload-time = "2026-05-26T18:26:57.088Z" },
    { url = "https://files.pythonhosted.org/packages/19/d3/f50924d47313cadf4b8994d1e8c3befb33031f4115c38570e5a4a8f13956/pysdl2_dll-2.32.10-py2.py3-none-win32.whl", hash = "sha256:881e2362fbe5c8d7129fa66f690380bbd0240d9d2cb1bc5612856be1e58e9261", size = 3437042, upload-time = "2026-05-26T18:10:11.243Z" },
    { url = "https://files.pythonhosted.org/packages/91/8e/3a90c664cca4c61c7538a8b1a7fd86c7dc3521465198a844bce21b4a97c1/pysdl2_dll-2.32.10-py2.py3-none-win_amd64.whl", hash = "sha256:65eba83d68c33b22aa5eca6c9a8521cff5044435ecd5b49521068df82674de6a", size = 4064320, upload-time = "2026-05-26T18:11:29.046Z" },
]

[[package]]
name = "setuptools"
version = "84.0.0"
source = { registry = "https://pypi.org/simple" }
sdist = { url = "https://files.pythonhosted.org/packages/6d/44/f5da03a8ef95d369145c5bb53050e7877c9f3d312e128605fd9504829143/setuptools-84.0.0.tar.gz", hash = "sha256:f4695c21257f0d9b537ec2692c941d02ee143b7cc1276941349a546573b2ef73", size = 1168449, upload-time = "2026-08-08T18:27:58.365Z" }
wheels = [
    { url = "https://files.pythonhosted.org/packages/95/9c/c510029fc6ef33a6275cd2c5d3cecd6613dfd6aa401d57c54f1c18852ccf/setuptools-84.0.0-py3-none-any.whl", hash = "sha256:51a52592b3b99e102b609654876bd65f19f999935166d1352678931132b0c670", size = 818216, upload-time = "2026-08-08T18:27:56.719Z" },
]

[[package]]
name = "wheel"
version = "0.47.0"
source = { registry = "https://pypi.org/simple" }
dependencies = [
    { name = "packaging" },
]
sdist = { url = "https://files.pythonhosted.org/packages/39/62/75f18a0f03b4219c456652c7780e4d749b929eb605c098ce3a5b6b6bc081/wheel-0.47.0.tar.gz", hash = "sha256:cc72bd1009ba0cf63922e28f94d9d83b920aa2bb28f798a31d0691b02fa3c9b3", size = 63854, upload-time = "2026-04-22T15:51:27.727Z" }
wheels = [
    { url = "https://files.pythonhosted.org/packages/87/1b/9e33c09813d65e248f7f773119148a612516a4bea93e9c6f545f78455b7c/wheel-0.47.0-py3-none-any.whl", hash = "sha256:212281cab4dff978f6cedd499cd893e1f620791ca6ff7107cf270781e587eced", size = 32218, upload-time = "2026-04-22T15:51:26.296Z" },
]
